// !$*UTF8*$!
{
	archiveVersion = 1;
	classes = {
	};
	objectVersion = 55;
	objects = {

/* Begin PBXBuildFile section */
		020603F227B18A260033C4F3 /* Credentials.swift in Sources */ = {isa = PBXBuildFile; fileRef = 020603F127B18A260033C4F3 /* Credentials.swift */; };
		020603F627B18B460033C4F3 /* APIService.swift in Sources */ = {isa = PBXBuildFile; fileRef = 020603F527B18B460033C4F3 /* APIService.swift */; };
		020603F827B18CDE0033C4F3 /* UIApplication + Extension.swift in Sources */ = {isa = PBXBuildFile; fileRef = 020603F727B18CDE0033C4F3 /* UIApplication + Extension.swift */; };
		020603FC27B18DB40033C4F3 /* LoginViewModel.swift in Sources */ = {isa = PBXBuildFile; fileRef = 020603FB27B18DB40033C4F3 /* LoginViewModel.swift */; };
		020603FF27B18F980033C4F3 /* LoginView.swift in Sources */ = {isa = PBXBuildFile; fileRef = 020603FE27B18F980033C4F3 /* LoginView.swift */; };
		0206040127B193AF0033C4F3 /* Authentication.swift in Sources */ = {isa = PBXBuildFile; fileRef = 0206040027B193AF0033C4F3 /* Authentication.swift */; };
		0246FA5827B42B0200289FBE /* LandingView.swift in Sources */ = {isa = PBXBuildFile; fileRef = 0246FA5727B42B0200289FBE /* LandingView.swift */; };
		026DF28D27BEC14F00F3BE00 /* OnboardingTransitionView.swift in Sources */ = {isa = PBXBuildFile; fileRef = 026DF28C27BEC14F00F3BE00 /* OnboardingTransitionView.swift */; };
		027DE62027B3100E005AFBEC /* HomeView.swift in Sources */ = {isa = PBXBuildFile; fileRef = 027DE61F27B3100E005AFBEC /* HomeView.swift */; };
		027DE62227B31942005AFBEC /* Shape.swift in Sources */ = {isa = PBXBuildFile; fileRef = 027DE62127B31942005AFBEC /* Shape.swift */; };
		027DE62527B3198A005AFBEC /* Color Extension.swift in Sources */ = {isa = PBXBuildFile; fileRef = 027DE62427B3198A005AFBEC /* Color Extension.swift */; };
		02D3E26027AC42F600B5B8C1 /* MotherTruckerApp.swift in Sources */ = {isa = PBXBuildFile; fileRef = 02D3E25F27AC42F600B5B8C1 /* MotherTruckerApp.swift */; };
		02D3E26227AC42F600B5B8C1 /* SplashScreenView.swift in Sources */ = {isa = PBXBuildFile; fileRef = 02D3E26127AC42F600B5B8C1 /* SplashScreenView.swift */; };
		02D3E26427AC42F700B5B8C1 /* Assets.xcassets in Resources */ = {isa = PBXBuildFile; fileRef = 02D3E26327AC42F700B5B8C1 /* Assets.xcassets */; };
		02D3E26727AC42F700B5B8C1 /* Preview Assets.xcassets in Resources */ = {isa = PBXBuildFile; fileRef = 02D3E26627AC42F700B5B8C1 /* Preview Assets.xcassets */; };
		02F1CEC627BD730600A25C3E /* OnboardingView.swift in Sources */ = {isa = PBXBuildFile; fileRef = 02F1CEC527BD730600A25C3E /* OnboardingView.swift */; };
		D91AB85327B440EF0005ACA0 /* TextArea.swift in Sources */ = {isa = PBXBuildFile; fileRef = D91AB85227B440EF0005ACA0 /* TextArea.swift */; };
		D91AB85727B453BA0005ACA0 /* LoginBackground.swift in Sources */ = {isa = PBXBuildFile; fileRef = D91AB85627B453BA0005ACA0 /* LoginBackground.swift */; };
		D91AB85927B4546A0005ACA0 /* LoginCard.swift in Sources */ = {isa = PBXBuildFile; fileRef = D91AB85827B4546A0005ACA0 /* LoginCard.swift */; };
		D927069E27B4942100F53E2C /* NavBar.swift in Sources */ = {isa = PBXBuildFile; fileRef = D927069D27B4942100F53E2C /* NavBar.swift */; };
		D94240DF27BBFE7300CF7FF8 /* ForgotPassView.swift in Sources */ = {isa = PBXBuildFile; fileRef = D94240DE27BBFE7300CF7FF8 /* ForgotPassView.swift */; };
		D956A7EE27B6E61000AEBE9B /* SignupView.swift in Sources */ = {isa = PBXBuildFile; fileRef = D956A7ED27B6E61000AEBE9B /* SignupView.swift */; };
		D956A7F027B6F09500AEBE9B /* TitleText.swift in Sources */ = {isa = PBXBuildFile; fileRef = D956A7EF27B6F09500AEBE9B /* TitleText.swift */; };
		D9A3DF2827B38E5600CCE64E /* ButtonView.swift in Sources */ = {isa = PBXBuildFile; fileRef = D9A3DF2727B38E5600CCE64E /* ButtonView.swift */; };
/* End PBXBuildFile section */

/* Begin PBXFileReference section */
		020603F127B18A260033C4F3 /* Credentials.swift */ = {isa = PBXFileReference; lastKnownFileType = sourcecode.swift; path = Credentials.swift; sourceTree = "<group>"; };
		020603F527B18B460033C4F3 /* APIService.swift */ = {isa = PBXFileReference; lastKnownFileType = sourcecode.swift; path = APIService.swift; sourceTree = "<group>"; };
		020603F727B18CDE0033C4F3 /* UIApplication + Extension.swift */ = {isa = PBXFileReference; lastKnownFileType = sourcecode.swift; path = "UIApplication + Extension.swift"; sourceTree = "<group>"; };
		020603FB27B18DB40033C4F3 /* LoginViewModel.swift */ = {isa = PBXFileReference; lastKnownFileType = sourcecode.swift; path = LoginViewModel.swift; sourceTree = "<group>"; };
		020603FE27B18F980033C4F3 /* LoginView.swift */ = {isa = PBXFileReference; lastKnownFileType = sourcecode.swift; path = LoginView.swift; sourceTree = "<group>"; tabWidth = 4; usesTabs = 0; };
		0206040027B193AF0033C4F3 /* Authentication.swift */ = {isa = PBXFileReference; lastKnownFileType = sourcecode.swift; path = Authentication.swift; sourceTree = "<group>"; };
		0246FA5727B42B0200289FBE /* LandingView.swift */ = {isa = PBXFileReference; lastKnownFileType = sourcecode.swift; path = LandingView.swift; sourceTree = "<group>"; };
		026DF28C27BEC14F00F3BE00 /* OnboardingTransitionView.swift */ = {isa = PBXFileReference; lastKnownFileType = sourcecode.swift; path = OnboardingTransitionView.swift; sourceTree = "<group>"; };
		027DE61F27B3100E005AFBEC /* HomeView.swift */ = {isa = PBXFileReference; lastKnownFileType = sourcecode.swift; path = HomeView.swift; sourceTree = "<group>"; };
		027DE62127B31942005AFBEC /* Shape.swift */ = {isa = PBXFileReference; lastKnownFileType = sourcecode.swift; path = Shape.swift; sourceTree = "<group>"; };
		027DE62427B3198A005AFBEC /* Color Extension.swift */ = {isa = PBXFileReference; lastKnownFileType = sourcecode.swift; path = "Color Extension.swift"; sourceTree = "<group>"; };
		02D3E25C27AC42F600B5B8C1 /* MotherTrucker.app */ = {isa = PBXFileReference; explicitFileType = wrapper.application; includeInIndex = 0; path = MotherTrucker.app; sourceTree = BUILT_PRODUCTS_DIR; };
		02D3E25F27AC42F600B5B8C1 /* MotherTruckerApp.swift */ = {isa = PBXFileReference; lastKnownFileType = sourcecode.swift; path = MotherTruckerApp.swift; sourceTree = "<group>"; };
		02D3E26127AC42F600B5B8C1 /* SplashScreenView.swift */ = {isa = PBXFileReference; lastKnownFileType = sourcecode.swift; path = SplashScreenView.swift; sourceTree = "<group>"; };
		02D3E26327AC42F700B5B8C1 /* Assets.xcassets */ = {isa = PBXFileReference; lastKnownFileType = folder.assetcatalog; path = Assets.xcassets; sourceTree = "<group>"; };
		02D3E26627AC42F700B5B8C1 /* Preview Assets.xcassets */ = {isa = PBXFileReference; lastKnownFileType = folder.assetcatalog; path = "Preview Assets.xcassets"; sourceTree = "<group>"; };
		02D3E26D27AC4B9900B5B8C1 /* Info.plist */ = {isa = PBXFileReference; lastKnownFileType = text.plist; path = Info.plist; sourceTree = "<group>"; };
		02F1CEC527BD730600A25C3E /* OnboardingView.swift */ = {isa = PBXFileReference; lastKnownFileType = sourcecode.swift; path = OnboardingView.swift; sourceTree = "<group>"; };
		D91AB85227B440EF0005ACA0 /* TextArea.swift */ = {isa = PBXFileReference; lastKnownFileType = sourcecode.swift; path = TextArea.swift; sourceTree = "<group>"; };
		D91AB85627B453BA0005ACA0 /* LoginBackground.swift */ = {isa = PBXFileReference; lastKnownFileType = sourcecode.swift; path = LoginBackground.swift; sourceTree = "<group>"; };
		D91AB85827B4546A0005ACA0 /* LoginCard.swift */ = {isa = PBXFileReference; lastKnownFileType = sourcecode.swift; path = LoginCard.swift; sourceTree = "<group>"; };
		D927069D27B4942100F53E2C /* NavBar.swift */ = {isa = PBXFileReference; lastKnownFileType = sourcecode.swift; path = NavBar.swift; sourceTree = "<group>"; };
		D94240DE27BBFE7300CF7FF8 /* ForgotPassView.swift */ = {isa = PBXFileReference; lastKnownFileType = sourcecode.swift; path = ForgotPassView.swift; sourceTree = "<group>"; };
		D956A7ED27B6E61000AEBE9B /* SignupView.swift */ = {isa = PBXFileReference; lastKnownFileType = sourcecode.swift; path = SignupView.swift; sourceTree = "<group>"; };
		D956A7EF27B6F09500AEBE9B /* TitleText.swift */ = {isa = PBXFileReference; lastKnownFileType = sourcecode.swift; path = TitleText.swift; sourceTree = "<group>"; };
		D9A3DF2727B38E5600CCE64E /* ButtonView.swift */ = {isa = PBXFileReference; lastKnownFileType = sourcecode.swift; path = ButtonView.swift; sourceTree = "<group>"; };
/* End PBXFileReference section */

/* Begin PBXFrameworksBuildPhase section */
		02D3E25927AC42F600B5B8C1 /* Frameworks */ = {
			isa = PBXFrameworksBuildPhase;
			buildActionMask = 2147483647;
			files = (
			);
			runOnlyForDeploymentPostprocessing = 0;
		};
/* End PBXFrameworksBuildPhase section */

/* Begin PBXGroup section */
		020603F927B18D7A0033C4F3 /* Services */ = {
			isa = PBXGroup;
			children = (
				027DE62427B3198A005AFBEC /* Color Extension.swift */,
				020603F527B18B460033C4F3 /* APIService.swift */,
				020603F727B18CDE0033C4F3 /* UIApplication + Extension.swift */,
			);
			path = Services;
			sourceTree = "<group>";
		};
		020603FA27B18D8C0033C4F3 /* Models */ = {
			isa = PBXGroup;
			children = (
				020603FB27B18DB40033C4F3 /* LoginViewModel.swift */,
				020603F127B18A260033C4F3 /* Credentials.swift */,
			);
			path = Models;
			sourceTree = "<group>";
		};
		020603FD27B18F1F0033C4F3 /* Views */ = {
			isa = PBXGroup;
			children = (
				02D3E26127AC42F600B5B8C1 /* SplashScreenView.swift */,
				0246FA5727B42B0200289FBE /* LandingView.swift */,
				D956A7ED27B6E61000AEBE9B /* SignupView.swift */,
				02F1CEC527BD730600A25C3E /* OnboardingView.swift */,
				026DF28C27BEC14F00F3BE00 /* OnboardingTransitionView.swift */,
				020603FE27B18F980033C4F3 /* LoginView.swift */,
				D94240DE27BBFE7300CF7FF8 /* ForgotPassView.swift */,
				027DE61F27B3100E005AFBEC /* HomeView.swift */,
				D91AB85527B4539B0005ACA0 /* Components */,
			);
			path = Views;
			sourceTree = "<group>";
		};
		027DE62327B3194C005AFBEC /* Shapes */ = {
			isa = PBXGroup;
			children = (
				027DE62127B31942005AFBEC /* Shape.swift */,
			);
			path = Shapes;
			sourceTree = "<group>";
		};
		02D3E25327AC42F600B5B8C1 = {
			isa = PBXGroup;
			children = (
				02D3E25E27AC42F600B5B8C1 /* MotherTrucker */,
				02D3E25D27AC42F600B5B8C1 /* Products */,
			);
			sourceTree = "<group>";
		};
		02D3E25D27AC42F600B5B8C1 /* Products */ = {
			isa = PBXGroup;
			children = (
				02D3E25C27AC42F600B5B8C1 /* MotherTrucker.app */,
			);
			name = Products;
			sourceTree = "<group>";
		};
		02D3E25E27AC42F600B5B8C1 /* MotherTrucker */ = {
			isa = PBXGroup;
			children = (
				02D3E26D27AC4B9900B5B8C1 /* Info.plist */,
				02D3E25F27AC42F600B5B8C1 /* MotherTruckerApp.swift */,
				0206040027B193AF0033C4F3 /* Authentication.swift */,
				020603FD27B18F1F0033C4F3 /* Views */,
				027DE62327B3194C005AFBEC /* Shapes */,
				020603FA27B18D8C0033C4F3 /* Models */,
				020603F927B18D7A0033C4F3 /* Services */,
				02D3E26327AC42F700B5B8C1 /* Assets.xcassets */,
				02D3E26527AC42F700B5B8C1 /* Preview Content */,
			);
			path = MotherTrucker;
			sourceTree = "<group>";
		};
		02D3E26527AC42F700B5B8C1 /* Preview Content */ = {
			isa = PBXGroup;
			children = (
				02D3E26627AC42F700B5B8C1 /* Preview Assets.xcassets */,
			);
			path = "Preview Content";
			sourceTree = "<group>";
		};
		D91AB85527B4539B0005ACA0 /* Components */ = {
			isa = PBXGroup;
			children = (
				D927069D27B4942100F53E2C /* NavBar.swift */,
				D91AB85227B440EF0005ACA0 /* TextArea.swift */,
				D9A3DF2727B38E5600CCE64E /* ButtonView.swift */,
				D91AB85627B453BA0005ACA0 /* LoginBackground.swift */,
				D91AB85827B4546A0005ACA0 /* LoginCard.swift */,
				D956A7EF27B6F09500AEBE9B /* TitleText.swift */,
			);
			path = Components;
			sourceTree = "<group>";
		};
/* End PBXGroup section */

/* Begin PBXNativeTarget section */
		02D3E25B27AC42F600B5B8C1 /* MotherTrucker */ = {
			isa = PBXNativeTarget;
			buildConfigurationList = 02D3E26A27AC42F700B5B8C1 /* Build configuration list for PBXNativeTarget "MotherTrucker" */;
			buildPhases = (
				02D3E25827AC42F600B5B8C1 /* Sources */,
				02D3E25927AC42F600B5B8C1 /* Frameworks */,
				02D3E25A27AC42F600B5B8C1 /* Resources */,
			);
			buildRules = (
			);
			dependencies = (
			);
			name = MotherTrucker;
			productName = MotherTrucker;
			productReference = 02D3E25C27AC42F600B5B8C1 /* MotherTrucker.app */;
			productType = "com.apple.product-type.application";
		};
/* End PBXNativeTarget section */

/* Begin PBXProject section */
		02D3E25427AC42F600B5B8C1 /* Project object */ = {
			isa = PBXProject;
			attributes = {
				BuildIndependentTargetsInParallel = 1;
				LastSwiftUpdateCheck = 1320;
				LastUpgradeCheck = 1320;
				TargetAttributes = {
					02D3E25B27AC42F600B5B8C1 = {
						CreatedOnToolsVersion = 13.2.1;
					};
				};
			};
			buildConfigurationList = 02D3E25727AC42F600B5B8C1 /* Build configuration list for PBXProject "MotherTrucker" */;
			compatibilityVersion = "Xcode 13.0";
			developmentRegion = en;
			hasScannedForEncodings = 0;
			knownRegions = (
				en,
				Base,
			);
			mainGroup = 02D3E25327AC42F600B5B8C1;
			productRefGroup = 02D3E25D27AC42F600B5B8C1 /* Products */;
			projectDirPath = "";
			projectRoot = "";
			targets = (
				02D3E25B27AC42F600B5B8C1 /* MotherTrucker */,
			);
		};
/* End PBXProject section */

/* Begin PBXResourcesBuildPhase section */
		02D3E25A27AC42F600B5B8C1 /* Resources */ = {
			isa = PBXResourcesBuildPhase;
			buildActionMask = 2147483647;
			files = (
				02D3E26727AC42F700B5B8C1 /* Preview Assets.xcassets in Resources */,
				02D3E26427AC42F700B5B8C1 /* Assets.xcassets in Resources */,
			);
			runOnlyForDeploymentPostprocessing = 0;
		};
/* End PBXResourcesBuildPhase section */

/* Begin PBXSourcesBuildPhase section */
		02D3E25827AC42F600B5B8C1 /* Sources */ = {
			isa = PBXSourcesBuildPhase;
			buildActionMask = 2147483647;
			files = (
				D956A7EE27B6E61000AEBE9B /* SignupView.swift in Sources */,
				027DE62027B3100E005AFBEC /* HomeView.swift in Sources */,
				026DF28D27BEC14F00F3BE00 /* OnboardingTransitionView.swift in Sources */,
				D94240DF27BBFE7300CF7FF8 /* ForgotPassView.swift in Sources */,
				D927069E27B4942100F53E2C /* NavBar.swift in Sources */,
				020603FC27B18DB40033C4F3 /* LoginViewModel.swift in Sources */,
				D9A3DF2827B38E5600CCE64E /* ButtonView.swift in Sources */,
				02F1CEC627BD730600A25C3E /* OnboardingView.swift in Sources */,
				020603FF27B18F980033C4F3 /* LoginView.swift in Sources */,
				020603F227B18A260033C4F3 /* Credentials.swift in Sources */,
				D956A7F027B6F09500AEBE9B /* TitleText.swift in Sources */,
				02D3E26227AC42F600B5B8C1 /* SplashScreenView.swift in Sources */,
				027DE62227B31942005AFBEC /* Shape.swift in Sources */,
				020603F627B18B460033C4F3 /* APIService.swift in Sources */,
				02D3E26027AC42F600B5B8C1 /* MotherTruckerApp.swift in Sources */,
				D91AB85727B453BA0005ACA0 /* LoginBackground.swift in Sources */,
				D91AB85327B440EF0005ACA0 /* TextArea.swift in Sources */,
				027DE62527B3198A005AFBEC /* Color Extension.swift in Sources */,
				0246FA5827B42B0200289FBE /* LandingView.swift in Sources */,
				020603F827B18CDE0033C4F3 /* UIApplication + Extension.swift in Sources */,
				D91AB85927B4546A0005ACA0 /* LoginCard.swift in Sources */,
				0206040127B193AF0033C4F3 /* Authentication.swift in Sources */,
			);
			runOnlyForDeploymentPostprocessing = 0;
		};
/* End PBXSourcesBuildPhase section */

/* Begin XCBuildConfiguration section */
		02D3E26827AC42F700B5B8C1 /* Debug */ = {
			isa = XCBuildConfiguration;
			buildSettings = {
				ALWAYS_SEARCH_USER_PATHS = NO;
				CLANG_ANALYZER_NONNULL = YES;
				CLANG_ANALYZER_NUMBER_OBJECT_CONVERSION = YES_AGGRESSIVE;
				CLANG_CXX_LANGUAGE_STANDARD = "gnu++17";
				CLANG_CXX_LIBRARY = "libc++";
				CLANG_ENABLE_MODULES = YES;
				CLANG_ENABLE_OBJC_ARC = YES;
				CLANG_ENABLE_OBJC_WEAK = YES;
				CLANG_WARN_BLOCK_CAPTURE_AUTORELEASING = YES;
				CLANG_WARN_BOOL_CONVERSION = YES;
				CLANG_WARN_COMMA = YES;
				CLANG_WARN_CONSTANT_CONVERSION = YES;
				CLANG_WARN_DEPRECATED_OBJC_IMPLEMENTATIONS = YES;
				CLANG_WARN_DIRECT_OBJC_ISA_USAGE = YES_ERROR;
				CLANG_WARN_DOCUMENTATION_COMMENTS = YES;
				CLANG_WARN_EMPTY_BODY = YES;
				CLANG_WARN_ENUM_CONVERSION = YES;
				CLANG_WARN_INFINITE_RECURSION = YES;
				CLANG_WARN_INT_CONVERSION = YES;
				CLANG_WARN_NON_LITERAL_NULL_CONVERSION = YES;
				CLANG_WARN_OBJC_IMPLICIT_RETAIN_SELF = YES;
				CLANG_WARN_OBJC_LITERAL_CONVERSION = YES;
				CLANG_WARN_OBJC_ROOT_CLASS = YES_ERROR;
				CLANG_WARN_QUOTED_INCLUDE_IN_FRAMEWORK_HEADER = YES;
				CLANG_WARN_RANGE_LOOP_ANALYSIS = YES;
				CLANG_WARN_STRICT_PROTOTYPES = YES;
				CLANG_WARN_SUSPICIOUS_MOVE = YES;
				CLANG_WARN_UNGUARDED_AVAILABILITY = YES_AGGRESSIVE;
				CLANG_WARN_UNREACHABLE_CODE = YES;
				CLANG_WARN__DUPLICATE_METHOD_MATCH = YES;
				COPY_PHASE_STRIP = NO;
				DEBUG_INFORMATION_FORMAT = dwarf;
				ENABLE_STRICT_OBJC_MSGSEND = YES;
				ENABLE_TESTABILITY = YES;
				GCC_C_LANGUAGE_STANDARD = gnu11;
				GCC_DYNAMIC_NO_PIC = NO;
				GCC_NO_COMMON_BLOCKS = YES;
				GCC_OPTIMIZATION_LEVEL = 0;
				GCC_PREPROCESSOR_DEFINITIONS = (
					"DEBUG=1",
					"$(inherited)",
				);
				GCC_WARN_64_TO_32_BIT_CONVERSION = YES;
				GCC_WARN_ABOUT_RETURN_TYPE = YES_ERROR;
				GCC_WARN_UNDECLARED_SELECTOR = YES;
				GCC_WARN_UNINITIALIZED_AUTOS = YES_AGGRESSIVE;
				GCC_WARN_UNUSED_FUNCTION = YES;
				GCC_WARN_UNUSED_VARIABLE = YES;
				IPHONEOS_DEPLOYMENT_TARGET = 15.2;
				MTL_ENABLE_DEBUG_INFO = INCLUDE_SOURCE;
				MTL_FAST_MATH = YES;
				ONLY_ACTIVE_ARCH = YES;
				SDKROOT = iphoneos;
				SWIFT_ACTIVE_COMPILATION_CONDITIONS = DEBUG;
				SWIFT_OPTIMIZATION_LEVEL = "-Onone";
			};
			name = Debug;
		};
		02D3E26927AC42F700B5B8C1 /* Release */ = {
			isa = XCBuildConfiguration;
			buildSettings = {
				ALWAYS_SEARCH_USER_PATHS = NO;
				CLANG_ANALYZER_NONNULL = YES;
				CLANG_ANALYZER_NUMBER_OBJECT_CONVERSION = YES_AGGRESSIVE;
				CLANG_CXX_LANGUAGE_STANDARD = "gnu++17";
				CLANG_CXX_LIBRARY = "libc++";
				CLANG_ENABLE_MODULES = YES;
				CLANG_ENABLE_OBJC_ARC = YES;
				CLANG_ENABLE_OBJC_WEAK = YES;
				CLANG_WARN_BLOCK_CAPTURE_AUTORELEASING = YES;
				CLANG_WARN_BOOL_CONVERSION = YES;
				CLANG_WARN_COMMA = YES;
				CLANG_WARN_CONSTANT_CONVERSION = YES;
				CLANG_WARN_DEPRECATED_OBJC_IMPLEMENTATIONS = YES;
				CLANG_WARN_DIRECT_OBJC_ISA_USAGE = YES_ERROR;
				CLANG_WARN_DOCUMENTATION_COMMENTS = YES;
				CLANG_WARN_EMPTY_BODY = YES;
				CLANG_WARN_ENUM_CONVERSION = YES;
				CLANG_WARN_INFINITE_RECURSION = YES;
				CLANG_WARN_INT_CONVERSION = YES;
				CLANG_WARN_NON_LITERAL_NULL_CONVERSION = YES;
				CLANG_WARN_OBJC_IMPLICIT_RETAIN_SELF = YES;
				CLANG_WARN_OBJC_LITERAL_CONVERSION = YES;
				CLANG_WARN_OBJC_ROOT_CLASS = YES_ERROR;
				CLANG_WARN_QUOTED_INCLUDE_IN_FRAMEWORK_HEADER = YES;
				CLANG_WARN_RANGE_LOOP_ANALYSIS = YES;
				CLANG_WARN_STRICT_PROTOTYPES = YES;
				CLANG_WARN_SUSPICIOUS_MOVE = YES;
				CLANG_WARN_UNGUARDED_AVAILABILITY = YES_AGGRESSIVE;
				CLANG_WARN_UNREACHABLE_CODE = YES;
				CLANG_WARN__DUPLICATE_METHOD_MATCH = YES;
				COPY_PHASE_STRIP = NO;
				DEBUG_INFORMATION_FORMAT = "dwarf-with-dsym";
				ENABLE_NS_ASSERTIONS = NO;
				ENABLE_STRICT_OBJC_MSGSEND = YES;
				GCC_C_LANGUAGE_STANDARD = gnu11;
				GCC_NO_COMMON_BLOCKS = YES;
				GCC_WARN_64_TO_32_BIT_CONVERSION = YES;
				GCC_WARN_ABOUT_RETURN_TYPE = YES_ERROR;
				GCC_WARN_UNDECLARED_SELECTOR = YES;
				GCC_WARN_UNINITIALIZED_AUTOS = YES_AGGRESSIVE;
				GCC_WARN_UNUSED_FUNCTION = YES;
				GCC_WARN_UNUSED_VARIABLE = YES;
				IPHONEOS_DEPLOYMENT_TARGET = 15.2;
				MTL_ENABLE_DEBUG_INFO = NO;
				MTL_FAST_MATH = YES;
				SDKROOT = iphoneos;
				SWIFT_COMPILATION_MODE = wholemodule;
				SWIFT_OPTIMIZATION_LEVEL = "-O";
				VALIDATE_PRODUCT = YES;
			};
			name = Release;
		};
		02D3E26B27AC42F700B5B8C1 /* Debug */ = {
			isa = XCBuildConfiguration;
			buildSettings = {
				ASSETCATALOG_COMPILER_APPICON_NAME = AppIcon;
				ASSETCATALOG_COMPILER_GLOBAL_ACCENT_COLOR_NAME = AccentColor;
				ASSETCATALOG_COMPILER_INCLUDE_ALL_APPICON_ASSETS = YES;
				CODE_SIGN_STYLE = Automatic;
				CURRENT_PROJECT_VERSION = 1;
				DEVELOPMENT_ASSET_PATHS = "\"MotherTrucker/Preview Content\"";
				DEVELOPMENT_TEAM = Z46673QQ2Q;
				ENABLE_PREVIEWS = YES;
				GENERATE_INFOPLIST_FILE = YES;
				INFOPLIST_FILE = MotherTrucker/Info.plist;
				INFOPLIST_KEY_CFBundleDisplayName = MotherTrucker;
				INFOPLIST_KEY_UIApplicationSceneManifest_Generation = YES;
				INFOPLIST_KEY_UIApplicationSupportsIndirectInputEvents = YES;
				INFOPLIST_KEY_UISupportedInterfaceOrientations_iPad = "UIInterfaceOrientationPortrait UIInterfaceOrientationPortraitUpsideDown UIInterfaceOrientationLandscapeLeft UIInterfaceOrientationLandscapeRight";
				INFOPLIST_KEY_UISupportedInterfaceOrientations_iPhone = "UIInterfaceOrientationPortrait UIInterfaceOrientationLandscapeLeft UIInterfaceOrientationLandscapeRight";
				LD_RUNPATH_SEARCH_PATHS = (
					"$(inherited)",
					"@executable_path/Frameworks",
				);
				MARKETING_VERSION = 1.0;
				PRODUCT_BUNDLE_IDENTIFIER = "jason-Coawette.MotherTrucker";
				PRODUCT_NAME = "$(TARGET_NAME)";
				SWIFT_EMIT_LOC_STRINGS = YES;
				SWIFT_VERSION = 5.0;
				TARGETED_DEVICE_FAMILY = "1,2";
			};
			name = Debug;
		};
		02D3E26C27AC42F700B5B8C1 /* Release */ = {
			isa = XCBuildConfiguration;
			buildSettings = {
				ASSETCATALOG_COMPILER_APPICON_NAME = AppIcon;
				ASSETCATALOG_COMPILER_GLOBAL_ACCENT_COLOR_NAME = AccentColor;
				ASSETCATALOG_COMPILER_INCLUDE_ALL_APPICON_ASSETS = YES;
				CODE_SIGN_STYLE = Automatic;
				CURRENT_PROJECT_VERSION = 1;
				DEVELOPMENT_ASSET_PATHS = "\"MotherTrucker/Preview Content\"";
				ENABLE_PREVIEWS = YES;
				GENERATE_INFOPLIST_FILE = YES;
				INFOPLIST_FILE = MotherTrucker/Info.plist;
				INFOPLIST_KEY_CFBundleDisplayName = MotherTrucker;
				INFOPLIST_KEY_UIApplicationSceneManifest_Generation = YES;
				INFOPLIST_KEY_UIApplicationSupportsIndirectInputEvents = YES;
				INFOPLIST_KEY_UISupportedInterfaceOrientations_iPad = "UIInterfaceOrientationPortrait UIInterfaceOrientationPortraitUpsideDown UIInterfaceOrientationLandscapeLeft UIInterfaceOrientationLandscapeRight";
				INFOPLIST_KEY_UISupportedInterfaceOrientations_iPhone = "UIInterfaceOrientationPortrait UIInterfaceOrientationLandscapeLeft UIInterfaceOrientationLandscapeRight";
				LD_RUNPATH_SEARCH_PATHS = (
					"$(inherited)",
					"@executable_path/Frameworks",
				);
				MARKETING_VERSION = 1.0;
				PRODUCT_BUNDLE_IDENTIFIER = "jason-Coawette.MotherTrucker";
				PRODUCT_NAME = "$(TARGET_NAME)";
				SWIFT_EMIT_LOC_STRINGS = YES;
				SWIFT_VERSION = 5.0;
				TARGETED_DEVICE_FAMILY = "1,2";
			};
			name = Release;
		};
/* End XCBuildConfiguration section */

/* Begin XCConfigurationList section */
		02D3E25727AC42F600B5B8C1 /* Build configuration list for PBXProject "MotherTrucker" */ = {
			isa = XCConfigurationList;
			buildConfigurations = (
				02D3E26827AC42F700B5B8C1 /* Debug */,
				02D3E26927AC42F700B5B8C1 /* Release */,
			);
			defaultConfigurationIsVisible = 0;
			defaultConfigurationName = Release;
		};
		02D3E26A27AC42F700B5B8C1 /* Build configuration list for PBXNativeTarget "MotherTrucker" */ = {
			isa = XCConfigurationList;
			buildConfigurations = (
				02D3E26B27AC42F700B5B8C1 /* Debug */,
				02D3E26C27AC42F700B5B8C1 /* Release */,
			);
			defaultConfigurationIsVisible = 0;
			defaultConfigurationName = Release;
		};
/* End XCConfigurationList section */
	};
	rootObject = 02D3E25427AC42F600B5B8C1 /* Project object */;
}
